
Microsoft Visual Studio Solution File, Format Version 12.00
# Visual Studio Version 16
VisualStudioVersion = 16.0.33130.400
MinimumVisualStudioVersion = 10.0.40219.1
Project("{FAE04EC0-301F-11D3-BF4B-00C04F79EFBC}") = "DesafioUseall", "DesafioUseall\DesafioUseall.csproj", "{BB1DB4B0-1D31-4F6D-91C4-AA10E4D5FC4F}"
EndProject
Global
	GlobalSection(SolutionConfigurationPlatforms) = preSolution
		Debug|Any CPU = Debug|Any CPU
		Release|Any CPU = Release|Any CPU
	EndGlobalSection
	GlobalSection(ProjectConfigurationPlatforms) = postSolution
		{BB1DB4B0-1D31-4F6D-91C4-AA10E4D5FC4F}.Debug|Any CPU.ActiveCfg = Debug|Any CPU
		{BB1DB4B0-1D31-4F6D-91C4-AA10E4D5FC4F}.Debug|Any CPU.Build.0 = Debug|Any CPU
		{BB1DB4B0-1D31-4F6D-91C4-AA10E4D5FC4F}.Release|Any CPU.ActiveCfg = Release|Any CPU
		{BB1DB4B0-1D31-4F6D-91C4-AA10E4D5FC4F}.Release|Any CPU.Build.0 = Release|Any CPU
	EndGlobalSection
	GlobalSection(SolutionProperties) = preSolution
		HideSolutionNode = FALSE
	EndGlobalSection
	GlobalSection(ExtensibilityGlobals) = postSolution
		SolutionGuid = {BC427152-34EC-4557-886F-88DEC40C8FEB}
	EndGlobalSection
EndGlobal
